{"name":"fixture-drift-app","lockfileVersion":3,"packages":{"":{"dependencies":{"fixture-api":"1.1.0"}},"node_modules/fixture-api":{"version":"1.1.0","integrity":"sha512-api-two","dependencies":{"fixture-unexpected-installer":"0.1.0"}},"node_modules/fixture-unexpected-installer":{"version":"0.1.0","integrity":"sha512-unexpected","hasInstallScript":true}}}
