{"name":"fixture-vulnerable-app","lockfileVersion":3,"packages":{"":{"dependencies":{"fixture-direct-parser":"1.4.0"}},"node_modules/fixture-direct-parser":{"version":"1.4.0","integrity":"sha512-direct","dependencies":{"fixture-transitive-codec":"3.1.0"}},"node_modules/fixture-transitive-codec":{"version":"3.1.0","integrity":"sha512-transitive"}}}
