{"name":"fixture-safe-app","lockfileVersion":3,"packages":{"":{"dependencies":{"fixture-safe-direct":"^1.2.0"}},"node_modules/fixture-safe-direct":{"version":"1.2.3","integrity":"sha512-fixture-direct","dependencies":{"fixture-safe-leaf":"2.0.1"}},"node_modules/fixture-safe-leaf":{"version":"2.0.1","integrity":"sha512-fixture-leaf"}}}
